
Microsoft Visual Studio Solution File, Format Version 12.00
# Visual Studio Version 16
VisualStudioVersion = 16.0.33423.256
MinimumVisualStudioVersion = 10.0.40219.1
Project("{FAE04EC0-301F-11D3-BF4B-00C04F79EFBC}") = "ProjectTaba_Vlad", "ProjectTaba_Vlad\ProjectTaba_Vlad.csproj", "{2AFAC8C9-AD49-4480-B0FA-3006FC62C3C9}"
EndProject
Global
	GlobalSection(SolutionConfigurationPlatforms) = preSolution
		Debug|Any CPU = Debug|Any CPU
		Release|Any CPU = Release|Any CPU
	EndGlobalSection
	GlobalSection(ProjectConfigurationPlatforms) = postSolution
		{2AFAC8C9-AD49-4480-B0FA-3006FC62C3C9}.Debug|Any CPU.ActiveCfg = Debug|Any CPU
		{2AFAC8C9-AD49-4480-B0FA-3006FC62C3C9}.Debug|Any CPU.Build.0 = Debug|Any CPU
		{2AFAC8C9-AD49-4480-B0FA-3006FC62C3C9}.Release|Any CPU.ActiveCfg = Release|Any CPU
		{2AFAC8C9-AD49-4480-B0FA-3006FC62C3C9}.Release|Any CPU.Build.0 = Release|Any CPU
	EndGlobalSection
	GlobalSection(SolutionProperties) = preSolution
		HideSolutionNode = FALSE
	EndGlobalSection
	GlobalSection(ExtensibilityGlobals) = postSolution
		SolutionGuid = {ADBCE529-2C90-4465-9767-C152D1F70F15}
	EndGlobalSection
EndGlobal
